
Microsoft Visual Studio Solution File, Format Version 12.00
Project("{FAE04EC0-301F-11D3-BF4B-00C04F79EFBC}") = "DatabaseLibrary", "DatabaseLibrary\DatabaseLibrary.csproj", "{FF6A5E4E-6AE6-4838-97B6-F11F7DDC78F3}"
EndProject
Project("{FAE04EC0-301F-11D3-BF4B-00C04F79EFBC}") = "DatabaseLibraryTest", "DatabaseLibraryTest\DatabaseLibraryTest.csproj", "{6F1BC011-CF9B-43F5-9F29-179DEF36E194}"
EndProject
Global
	GlobalSection(SolutionConfigurationPlatforms) = preSolution
		Debug|Any CPU = Debug|Any CPU
		Release|Any CPU = Release|Any CPU
	EndGlobalSection
	GlobalSection(ProjectConfigurationPlatforms) = postSolution
		{FF6A5E4E-6AE6-4838-97B6-F11F7DDC78F3}.Debug|Any CPU.ActiveCfg = Debug|Any CPU
		{FF6A5E4E-6AE6-4838-97B6-F11F7DDC78F3}.Debug|Any CPU.Build.0 = Debug|Any CPU
		{FF6A5E4E-6AE6-4838-97B6-F11F7DDC78F3}.Release|Any CPU.ActiveCfg = Release|Any CPU
		{FF6A5E4E-6AE6-4838-97B6-F11F7DDC78F3}.Release|Any CPU.Build.0 = Release|Any CPU
		{6F1BC011-CF9B-43F5-9F29-179DEF36E194}.Debug|Any CPU.ActiveCfg = Debug|Any CPU
		{6F1BC011-CF9B-43F5-9F29-179DEF36E194}.Debug|Any CPU.Build.0 = Debug|Any CPU
		{6F1BC011-CF9B-43F5-9F29-179DEF36E194}.Release|Any CPU.ActiveCfg = Release|Any CPU
		{6F1BC011-CF9B-43F5-9F29-179DEF36E194}.Release|Any CPU.Build.0 = Release|Any CPU
	EndGlobalSection
EndGlobal
